
Microsoft Visual Studio Solution File, Format Version 11.00
# Visual C# Express 2010
Project("{FAE04EC0-301F-11D3-BF4B-00C04F79EFBC}") = "Classroom Allocation System", "Classroom Allocation System\Classroom Allocation System.csproj", "{50EE2F77-EB94-4505-B90E-2E26F260D364}"
EndProject
Global
	GlobalSection(SolutionConfigurationPlatforms) = preSolution
		Debug|x86 = Debug|x86
		Release|x86 = Release|x86
	EndGlobalSection
	GlobalSection(ProjectConfigurationPlatforms) = postSolution
		{50EE2F77-EB94-4505-B90E-2E26F260D364}.Debug|x86.ActiveCfg = Debug|x86
		{50EE2F77-EB94-4505-B90E-2E26F260D364}.Debug|x86.Build.0 = Debug|x86
		{50EE2F77-EB94-4505-B90E-2E26F260D364}.Release|x86.ActiveCfg = Release|x86
		{50EE2F77-EB94-4505-B90E-2E26F260D364}.Release|x86.Build.0 = Release|x86
	EndGlobalSection
	GlobalSection(SolutionProperties) = preSolution
		HideSolutionNode = FALSE
	EndGlobalSection
EndGlobal
